// !$*UTF8*$!
{
	archiveVersion = 1;
	classes = {
	};
	objectVersion = 56;
	objects = {

/* Begin PBXBuildFile section */
		6B8548FD28DDB2FF00B42C54 /* AppDelegate.m in Sources */ = {isa = PBXBuildFile; fileRef = 6B8548FC28DDB2FF00B42C54 /* AppDelegate.m */; };
		6B85490028DDB2FF00B42C54 /* SceneDelegate.m in Sources */ = {isa = PBXBuildFile; fileRef = 6B8548FF28DDB2FF00B42C54 /* SceneDelegate.m */; };
		6B85490328DDB2FF00B42C54 /* ViewController.m in Sources */ = {isa = PBXBuildFile; fileRef = 6B85490228DDB2FF00B42C54 /* ViewController.m */; };
		6B85490628DDB2FF00B42C54 /* Main.storyboard in Resources */ = {isa = PBXBuildFile; fileRef = 6B85490428DDB2FF00B42C54 /* Main.storyboard */; };
		6B85490828DDB30100B42C54 /* Assets.xcassets in Resources */ = {isa = PBXBuildFile; fileRef = 6B85490728DDB30100B42C54 /* Assets.xcassets */; };
		6B85490B28DDB30100B42C54 /* LaunchScreen.storyboard in Resources */ = {isa = PBXBuildFile; fileRef = 6B85490928DDB30100B42C54 /* LaunchScreen.storyboard */; };
		6B85490E28DDB30100B42C54 /* main.m in Sources */ = {isa = PBXBuildFile; fileRef = 6B85490D28DDB30100B42C54 /* main.m */; };
		6B85491628DDBCEA00B42C54 /* WTPhotoCollectionViewCell.m in Sources */ = {isa = PBXBuildFile; fileRef = 6B85491528DDBCEA00B42C54 /* WTPhotoCollectionViewCell.m */; };
		6B85491828DDC10B00B42C54 /* 123.mp4 in Resources */ = {isa = PBXBuildFile; fileRef = 6B85491728DDC10B00B42C54 /* 123.mp4 */; };
/* End PBXBuildFile section */

/* Begin PBXFileReference section */
		6B8548F828DDB2FF00B42C54 /* AVFoundationDemo.app */ = {isa = PBXFileReference; explicitFileType = wrapper.application; includeInIndex = 0; path = AVFoundationDemo.app; sourceTree = BUILT_PRODUCTS_DIR; };
		6B8548FB28DDB2FF00B42C54 /* AppDelegate.h */ = {isa = PBXFileReference; lastKnownFileType = sourcecode.c.h; path = AppDelegate.h; sourceTree = "<group>"; };
		6B8548FC28DDB2FF00B42C54 /* AppDelegate.m */ = {isa = PBXFileReference; lastKnownFileType = sourcecode.c.objc; path = AppDelegate.m; sourceTree = "<group>"; };
		6B8548FE28DDB2FF00B42C54 /* SceneDelegate.h */ = {isa = PBXFileReference; lastKnownFileType = sourcecode.c.h; path = SceneDelegate.h; sourceTree = "<group>"; };
		6B8548FF28DDB2FF00B42C54 /* SceneDelegate.m */ = {isa = PBXFileReference; lastKnownFileType = sourcecode.c.objc; path = SceneDelegate.m; sourceTree = "<group>"; };
		6B85490128DDB2FF00B42C54 /* ViewController.h */ = {isa = PBXFileReference; lastKnownFileType = sourcecode.c.h; path = ViewController.h; sourceTree = "<group>"; };
		6B85490228DDB2FF00B42C54 /* ViewController.m */ = {isa = PBXFileReference; lastKnownFileType = sourcecode.c.objc; path = ViewController.m; sourceTree = "<group>"; };
		6B85490528DDB2FF00B42C54 /* Base */ = {isa = PBXFileReference; lastKnownFileType = file.storyboard; name = Base; path = Base.lproj/Main.storyboard; sourceTree = "<group>"; };
		6B85490728DDB30100B42C54 /* Assets.xcassets */ = {isa = PBXFileReference; lastKnownFileType = folder.assetcatalog; path = Assets.xcassets; sourceTree = "<group>"; };
		6B85490A28DDB30100B42C54 /* Base */ = {isa = PBXFileReference; lastKnownFileType = file.storyboard; name = Base; path = Base.lproj/LaunchScreen.storyboard; sourceTree = "<group>"; };
		6B85490C28DDB30100B42C54 /* Info.plist */ = {isa = PBXFileReference; lastKnownFileType = text.plist.xml; path = Info.plist; sourceTree = "<group>"; };
		6B85490D28DDB30100B42C54 /* main.m */ = {isa = PBXFileReference; lastKnownFileType = sourcecode.c.objc; path = main.m; sourceTree = "<group>"; };
		6B85491428DDBCEA00B42C54 /* WTPhotoCollectionViewCell.h */ = {isa = PBXFileReference; lastKnownFileType = sourcecode.c.h; path = WTPhotoCollectionViewCell.h; sourceTree = "<group>"; };
		6B85491528DDBCEA00B42C54 /* WTPhotoCollectionViewCell.m */ = {isa = PBXFileReference; lastKnownFileType = sourcecode.c.objc; path = WTPhotoCollectionViewCell.m; sourceTree = "<group>"; };
		6B85491728DDC10B00B42C54 /* 123.mp4 */ = {isa = PBXFileReference; lastKnownFileType = file; path = 123.mp4; sourceTree = "<group>"; };
/* End PBXFileReference section */

/* Begin PBXFrameworksBuildPhase section */
		6B8548F528DDB2FF00B42C54 /* Frameworks */ = {
			isa = PBXFrameworksBuildPhase;
			buildActionMask = 2147483647;
			files = (
			);
			runOnlyForDeploymentPostprocessing = 0;
		};
/* End PBXFrameworksBuildPhase section */

/* Begin PBXGroup section */
		6B8548EF28DDB2FF00B42C54 = {
			isa = PBXGroup;
			children = (
				6B8548FA28DDB2FF00B42C54 /* AVFoundationDemo */,
				6B8548F928DDB2FF00B42C54 /* Products */,
			);
			sourceTree = "<group>";
		};
		6B8548F928DDB2FF00B42C54 /* Products */ = {
			isa = PBXGroup;
			children = (
				6B8548F828DDB2FF00B42C54 /* AVFoundationDemo.app */,
			);
			name = Products;
			sourceTree = "<group>";
		};
		6B8548FA28DDB2FF00B42C54 /* AVFoundationDemo */ = {
			isa = PBXGroup;
			children = (
				6B85491728DDC10B00B42C54 /* 123.mp4 */,
				6B8548FB28DDB2FF00B42C54 /* AppDelegate.h */,
				6B8548FC28DDB2FF00B42C54 /* AppDelegate.m */,
				6B8548FE28DDB2FF00B42C54 /* SceneDelegate.h */,
				6B8548FF28DDB2FF00B42C54 /* SceneDelegate.m */,
				6B85490128DDB2FF00B42C54 /* ViewController.h */,
				6B85490228DDB2FF00B42C54 /* ViewController.m */,
				6B85490428DDB2FF00B42C54 /* Main.storyboard */,
				6B85490728DDB30100B42C54 /* Assets.xcassets */,
				6B85490928DDB30100B42C54 /* LaunchScreen.storyboard */,
				6B85490C28DDB30100B42C54 /* Info.plist */,
				6B85490D28DDB30100B42C54 /* main.m */,
				6B85491428DDBCEA00B42C54 /* WTPhotoCollectionViewCell.h */,
				6B85491528DDBCEA00B42C54 /* WTPhotoCollectionViewCell.m */,
			);
			path = AVFoundationDemo;
			sourceTree = "<group>";
		};
/* End PBXGroup section */

/* Begin PBXNativeTarget section */
		6B8548F728DDB2FF00B42C54 /* AVFoundationDemo */ = {
			isa = PBXNativeTarget;
			buildConfigurationList = 6B85491128DDB30100B42C54 /* Build configuration list for PBXNativeTarget "AVFoundationDemo" */;
			buildPhases = (
				6B8548F428DDB2FF00B42C54 /* Sources */,
				6B8548F528DDB2FF00B42C54 /* Frameworks */,
				6B8548F628DDB2FF00B42C54 /* Resources */,
			);
			buildRules = (
			);
			dependencies = (
			);
			name = AVFoundationDemo;
			productName = AVFoundationDemo;
			productReference = 6B8548F828DDB2FF00B42C54 /* AVFoundationDemo.app */;
			productType = "com.apple.product-type.application";
		};
/* End PBXNativeTarget section */

/* Begin PBXProject section */
		6B8548F028DDB2FF00B42C54 /* Project object */ = {
			isa = PBXProject;
			attributes = {
				BuildIndependentTargetsInParallel = 1;
				LastUpgradeCheck = 1400;
				TargetAttributes = {
					6B8548F728DDB2FF00B42C54 = {
						CreatedOnToolsVersion = 14.0;
					};
				};
			};
			buildConfigurationList = 6B8548F328DDB2FF00B42C54 /* Build configuration list for PBXProject "AVFoundationDemo" */;
			compatibilityVersion = "Xcode 14.0";
			developmentRegion = en;
			hasScannedForEncodings = 0;
			knownRegions = (
				en,
				Base,
			);
			mainGroup = 6B8548EF28DDB2FF00B42C54;
			productRefGroup = 6B8548F928DDB2FF00B42C54 /* Products */;
			projectDirPath = "";
			projectRoot = "";
			targets = (
				6B8548F728DDB2FF00B42C54 /* AVFoundationDemo */,
			);
		};
/* End PBXProject section */

/* Begin PBXResourcesBuildPhase section */
		6B8548F628DDB2FF00B42C54 /* Resources */ = {
			isa = PBXResourcesBuildPhase;
			buildActionMask = 2147483647;
			files = (
				6B85491828DDC10B00B42C54 /* 123.mp4 in Resources */,
				6B85490B28DDB30100B42C54 /* LaunchScreen.storyboard in Resources */,
				6B85490828DDB30100B42C54 /* Assets.xcassets in Resources */,
				6B85490628DDB2FF00B42C54 /* Main.storyboard in Resources */,
			);
			runOnlyForDeploymentPostprocessing = 0;
		};
/* End PBXResourcesBuildPhase section */

/* Begin PBXSourcesBuildPhase section */
		6B8548F428DDB2FF00B42C54 /* Sources */ = {
			isa = PBXSourcesBuildPhase;
			buildActionMask = 2147483647;
			files = (
				6B85490328DDB2FF00B42C54 /* ViewController.m in Sources */,
				6B8548FD28DDB2FF00B42C54 /* AppDelegate.m in Sources */,
				6B85490E28DDB30100B42C54 /* main.m in Sources */,
				6B85490028DDB2FF00B42C54 /* SceneDelegate.m in Sources */,
				6B85491628DDBCEA00B42C54 /* WTPhotoCollectionViewCell.m in Sources */,
			);
			runOnlyForDeploymentPostprocessing = 0;
		};
/* End PBXSourcesBuildPhase section */

/* Begin PBXVariantGroup section */
		6B85490428DDB2FF00B42C54 /* Main.storyboard */ = {
			isa = PBXVariantGroup;
			children = (
				6B85490528DDB2FF00B42C54 /* Base */,
			);
			name = Main.storyboard;
			sourceTree = "<group>";
		};
		6B85490928DDB30100B42C54 /* LaunchScreen.storyboard */ = {
			isa = PBXVariantGroup;
			children = (
				6B85490A28DDB30100B42C54 /* Base */,
			);
			name = LaunchScreen.storyboard;
			sourceTree = "<group>";
		};
/* End PBXVariantGroup section */

/* Begin XCBuildConfiguration section */
		6B85490F28DDB30100B42C54 /* Debug */ = {
			isa = XCBuildConfiguration;
			buildSettings = {
				ALWAYS_SEARCH_USER_PATHS = NO;
				CLANG_ANALYZER_NONNULL = YES;
				CLANG_ANALYZER_NUMBER_OBJECT_CONVERSION = YES_AGGRESSIVE;
				CLANG_CXX_LANGUAGE_STANDARD = "gnu++20";
				CLANG_ENABLE_MODULES = YES;
				CLANG_ENABLE_OBJC_ARC = YES;
				CLANG_ENABLE_OBJC_WEAK = YES;
				CLANG_WARN_BLOCK_CAPTURE_AUTORELEASING = YES;
				CLANG_WARN_BOOL_CONVERSION = YES;
				CLANG_WARN_COMMA = YES;
				CLANG_WARN_CONSTANT_CONVERSION = YES;
				CLANG_WARN_DEPRECATED_OBJC_IMPLEMENTATIONS = YES;
				CLANG_WARN_DIRECT_OBJC_ISA_USAGE = YES_ERROR;
				CLANG_WARN_DOCUMENTATION_COMMENTS = YES;
				CLANG_WARN_EMPTY_BODY = YES;
				CLANG_WARN_ENUM_CONVERSION = YES;
				CLANG_WARN_INFINITE_RECURSION = YES;
				CLANG_WARN_INT_CONVERSION = YES;
				CLANG_WARN_NON_LITERAL_NULL_CONVERSION = YES;
				CLANG_WARN_OBJC_IMPLICIT_RETAIN_SELF = YES;
				CLANG_WARN_OBJC_LITERAL_CONVERSION = YES;
				CLANG_WARN_OBJC_ROOT_CLASS = YES_ERROR;
				CLANG_WARN_QUOTED_INCLUDE_IN_FRAMEWORK_HEADER = YES;
				CLANG_WARN_RANGE_LOOP_ANALYSIS = YES;
				CLANG_WARN_STRICT_PROTOTYPES = YES;
				CLANG_WARN_SUSPICIOUS_MOVE = YES;
				CLANG_WARN_UNGUARDED_AVAILABILITY = YES_AGGRESSIVE;
				CLANG_WARN_UNREACHABLE_CODE = YES;
				CLANG_WARN__DUPLICATE_METHOD_MATCH = YES;
				COPY_PHASE_STRIP = NO;
				DEBUG_INFORMATION_FORMAT = dwarf;
				ENABLE_STRICT_OBJC_MSGSEND = YES;
				ENABLE_TESTABILITY = YES;
				GCC_C_LANGUAGE_STANDARD = gnu11;
				GCC_DYNAMIC_NO_PIC = NO;
				GCC_NO_COMMON_BLOCKS = YES;
				GCC_OPTIMIZATION_LEVEL = 0;
				GCC_PREPROCESSOR_DEFINITIONS = (
					"DEBUG=1",
					"$(inherited)",
				);
				GCC_WARN_64_TO_32_BIT_CONVERSION = YES;
				GCC_WARN_ABOUT_RETURN_TYPE = YES_ERROR;
				GCC_WARN_UNDECLARED_SELECTOR = YES;
				GCC_WARN_UNINITIALIZED_AUTOS = YES_AGGRESSIVE;
				GCC_WARN_UNUSED_FUNCTION = YES;
				GCC_WARN_UNUSED_VARIABLE = YES;
				IPHONEOS_DEPLOYMENT_TARGET = 16.0;
				MTL_ENABLE_DEBUG_INFO = INCLUDE_SOURCE;
				MTL_FAST_MATH = YES;
				ONLY_ACTIVE_ARCH = YES;
				SDKROOT = iphoneos;
			};
			name = Debug;
		};
		6B85491028DDB30100B42C54 /* Release */ = {
			isa = XCBuildConfiguration;
			buildSettings = {
				ALWAYS_SEARCH_USER_PATHS = NO;
				CLANG_ANALYZER_NONNULL = YES;
				CLANG_ANALYZER_NUMBER_OBJECT_CONVERSION = YES_AGGRESSIVE;
				CLANG_CXX_LANGUAGE_STANDARD = "gnu++20";
				CLANG_ENABLE_MODULES = YES;
				CLANG_ENABLE_OBJC_ARC = YES;
				CLANG_ENABLE_OBJC_WEAK = YES;
				CLANG_WARN_BLOCK_CAPTURE_AUTORELEASING = YES;
				CLANG_WARN_BOOL_CONVERSION = YES;
				CLANG_WARN_COMMA = YES;
				CLANG_WARN_CONSTANT_CONVERSION = YES;
				CLANG_WARN_DEPRECATED_OBJC_IMPLEMENTATIONS = YES;
				CLANG_WARN_DIRECT_OBJC_ISA_USAGE = YES_ERROR;
				CLANG_WARN_DOCUMENTATION_COMMENTS = YES;
				CLANG_WARN_EMPTY_BODY = YES;
				CLANG_WARN_ENUM_CONVERSION = YES;
				CLANG_WARN_INFINITE_RECURSION = YES;
				CLANG_WARN_INT_CONVERSION = YES;
				CLANG_WARN_NON_LITERAL_NULL_CONVERSION = YES;
				CLANG_WARN_OBJC_IMPLICIT_RETAIN_SELF = YES;
				CLANG_WARN_OBJC_LITERAL_CONVERSION = YES;
				CLANG_WARN_OBJC_ROOT_CLASS = YES_ERROR;
				CLANG_WARN_QUOTED_INCLUDE_IN_FRAMEWORK_HEADER = YES;
				CLANG_WARN_RANGE_LOOP_ANALYSIS = YES;
				CLANG_WARN_STRICT_PROTOTYPES = YES;
				CLANG_WARN_SUSPICIOUS_MOVE = YES;
				CLANG_WARN_UNGUARDED_AVAILABILITY = YES_AGGRESSIVE;
				CLANG_WARN_UNREACHABLE_CODE = YES;
				CLANG_WARN__DUPLICATE_METHOD_MATCH = YES;
				COPY_PHASE_STRIP = NO;
				DEBUG_INFORMATION_FORMAT = "dwarf-with-dsym";
				ENABLE_NS_ASSERTIONS = NO;
				ENABLE_STRICT_OBJC_MSGSEND = YES;
				GCC_C_LANGUAGE_STANDARD = gnu11;
				GCC_NO_COMMON_BLOCKS = YES;
				GCC_WARN_64_TO_32_BIT_CONVERSION = YES;
				GCC_WARN_ABOUT_RETURN_TYPE = YES_ERROR;
				GCC_WARN_UNDECLARED_SELECTOR = YES;
				GCC_WARN_UNINITIALIZED_AUTOS = YES_AGGRESSIVE;
				GCC_WARN_UNUSED_FUNCTION = YES;
				GCC_WARN_UNUSED_VARIABLE = YES;
				IPHONEOS_DEPLOYMENT_TARGET = 16.0;
				MTL_ENABLE_DEBUG_INFO = NO;
				MTL_FAST_MATH = YES;
				SDKROOT = iphoneos;
				VALIDATE_PRODUCT = YES;
			};
			name = Release;
		};
		6B85491228DDB30100B42C54 /* Debug */ = {
			isa = XCBuildConfiguration;
			buildSettings = {
				ASSETCATALOG_COMPILER_APPICON_NAME = AppIcon;
				ASSETCATALOG_COMPILER_GLOBAL_ACCENT_COLOR_NAME = AccentColor;
				CODE_SIGN_STYLE = Automatic;
				CURRENT_PROJECT_VERSION = 1;
				DEVELOPMENT_TEAM = W52CX8QK6K;
				GENERATE_INFOPLIST_FILE = YES;
				INFOPLIST_FILE = AVFoundationDemo/Info.plist;
				INFOPLIST_KEY_UIApplicationSupportsIndirectInputEvents = YES;
				INFOPLIST_KEY_UILaunchStoryboardName = LaunchScreen;
				INFOPLIST_KEY_UIMainStoryboardFile = Main;
				INFOPLIST_KEY_UISupportedInterfaceOrientations_iPad = "UIInterfaceOrientationPortrait UIInterfaceOrientationPortraitUpsideDown UIInterfaceOrientationLandscapeLeft UIInterfaceOrientationLandscapeRight";
				INFOPLIST_KEY_UISupportedInterfaceOrientations_iPhone = "UIInterfaceOrientationPortrait UIInterfaceOrientationLandscapeLeft UIInterfaceOrientationLandscapeRight";
				LD_RUNPATH_SEARCH_PATHS = (
					"$(inherited)",
					"@executable_path/Frameworks",
				);
				MARKETING_VERSION = 1.0;
				PRODUCT_BUNDLE_IDENTIFIER = com.AVFoundationDemo;
				PRODUCT_NAME = "$(TARGET_NAME)";
				SWIFT_EMIT_LOC_STRINGS = YES;
				TARGETED_DEVICE_FAMILY = "1,2";
			};
			name = Debug;
		};
		6B85491328DDB30100B42C54 /* Release */ = {
			isa = XCBuildConfiguration;
			buildSettings = {
				ASSETCATALOG_COMPILER_APPICON_NAME = AppIcon;
				ASSETCATALOG_COMPILER_GLOBAL_ACCENT_COLOR_NAME = AccentColor;
				CODE_SIGN_STYLE = Automatic;
				CURRENT_PROJECT_VERSION = 1;
				DEVELOPMENT_TEAM = W52CX8QK6K;
				GENERATE_INFOPLIST_FILE = YES;
				INFOPLIST_FILE = AVFoundationDemo/Info.plist;
				INFOPLIST_KEY_UIApplicationSupportsIndirectInputEvents = YES;
				INFOPLIST_KEY_UILaunchStoryboardName = LaunchScreen;
				INFOPLIST_KEY_UIMainStoryboardFile = Main;
				INFOPLIST_KEY_UISupportedInterfaceOrientations_iPad = "UIInterfaceOrientationPortrait UIInterfaceOrientationPortraitUpsideDown UIInterfaceOrientationLandscapeLeft UIInterfaceOrientationLandscapeRight";
				INFOPLIST_KEY_UISupportedInterfaceOrientations_iPhone = "UIInterfaceOrientationPortrait UIInterfaceOrientationLandscapeLeft UIInterfaceOrientationLandscapeRight";
				LD_RUNPATH_SEARCH_PATHS = (
					"$(inherited)",
					"@executable_path/Frameworks",
				);
				MARKETING_VERSION = 1.0;
				PRODUCT_BUNDLE_IDENTIFIER = com.AVFoundationDemo;
				PRODUCT_NAME = "$(TARGET_NAME)";
				SWIFT_EMIT_LOC_STRINGS = YES;
				TARGETED_DEVICE_FAMILY = "1,2";
			};
			name = Release;
		};
/* End XCBuildConfiguration section */

/* Begin XCConfigurationList section */
		6B8548F328DDB2FF00B42C54 /* Build configuration list for PBXProject "AVFoundationDemo" */ = {
			isa = XCConfigurationList;
			buildConfigurations = (
				6B85490F28DDB30100B42C54 /* Debug */,
				6B85491028DDB30100B42C54 /* Release */,
			);
			defaultConfigurationIsVisible = 0;
			defaultConfigurationName = Release;
		};
		6B85491128DDB30100B42C54 /* Build configuration list for PBXNativeTarget "AVFoundationDemo" */ = {
			isa = XCConfigurationList;
			buildConfigurations = (
				6B85491228DDB30100B42C54 /* Debug */,
				6B85491328DDB30100B42C54 /* Release */,
			);
			defaultConfigurationIsVisible = 0;
			defaultConfigurationName = Release;
		};
/* End XCConfigurationList section */
	};
	rootObject = 6B8548F028DDB2FF00B42C54 /* Project object */;
}
